
Microsoft Visual Studio Solution File, Format Version 12.00
# Visual Studio Version 16
VisualStudioVersion = 16.0.34114.132
MinimumVisualStudioVersion = 10.0.40219.1
Project("{FAE04EC0-301F-11D3-BF4B-00C04F79EFBC}") = "StokTakipMVC", "StokTakipMVC\StokTakipMVC.csproj", "{768409DA-99E6-447A-9DFA-67E4CED19947}"
EndProject
Global
	GlobalSection(SolutionConfigurationPlatforms) = preSolution
		Debug|Any CPU = Debug|Any CPU
		Release|Any CPU = Release|Any CPU
	EndGlobalSection
	GlobalSection(ProjectConfigurationPlatforms) = postSolution
		{768409DA-99E6-447A-9DFA-67E4CED19947}.Debug|Any CPU.ActiveCfg = Debug|Any CPU
		{768409DA-99E6-447A-9DFA-67E4CED19947}.Debug|Any CPU.Build.0 = Debug|Any CPU
		{768409DA-99E6-447A-9DFA-67E4CED19947}.Release|Any CPU.ActiveCfg = Release|Any CPU
		{768409DA-99E6-447A-9DFA-67E4CED19947}.Release|Any CPU.Build.0 = Release|Any CPU
	EndGlobalSection
	GlobalSection(SolutionProperties) = preSolution
		HideSolutionNode = FALSE
	EndGlobalSection
	GlobalSection(ExtensibilityGlobals) = postSolution
		SolutionGuid = {411106F2-A82C-4B6A-BCBE-92C9E28F0090}
	EndGlobalSection
EndGlobal
